
Microsoft Visual Studio Solution File, Format Version 12.00
# Visual Studio Version 17
VisualStudioVersion = 17.4.33103.184
MinimumVisualStudioVersion = 10.0.40219.1
Project("{FAE04EC0-301F-11D3-BF4B-00C04F79EFBC}") = "StackOverflow", "StackOverflow\StackOverflow.csproj", "{B62FC004-347D-4F61-BBD2-C56B8472FAFC}"
EndProject
Global
	GlobalSection(SolutionConfigurationPlatforms) = preSolution
		Debug|Any CPU = Debug|Any CPU
		Release|Any CPU = Release|Any CPU
	EndGlobalSection
	GlobalSection(ProjectConfigurationPlatforms) = postSolution
		{B62FC004-347D-4F61-BBD2-C56B8472FAFC}.Debug|Any CPU.ActiveCfg = Debug|Any CPU
		{B62FC004-347D-4F61-BBD2-C56B8472FAFC}.Debug|Any CPU.Build.0 = Debug|Any CPU
		{B62FC004-347D-4F61-BBD2-C56B8472FAFC}.Release|Any CPU.ActiveCfg = Release|Any CPU
		{B62FC004-347D-4F61-BBD2-C56B8472FAFC}.Release|Any CPU.Build.0 = Release|Any CPU
	EndGlobalSection
	GlobalSection(SolutionProperties) = preSolution
		HideSolutionNode = FALSE
	EndGlobalSection
	GlobalSection(ExtensibilityGlobals) = postSolution
		SolutionGuid = {E64E107D-2A6F-4F0D-A52D-5679DDD1F6E3}
	EndGlobalSection
EndGlobal
